
Microsoft Visual Studio Solution File, Format Version 12.00
# Visual Studio Version 17
VisualStudioVersion = 17.8.34322.80
MinimumVisualStudioVersion = 10.0.40219.1
Project("{9A19103F-16F7-4668-BE54-9A1E7A4F7556}") = "RockPaperScissorsInjection.WebApi", "RockPaperScissorsInjection.WebApi\RockPaperScissorsInjection.WebApi.csproj", "{8E000125-A161-4D4E-AD57-3A120A1AAB7F}"
EndProject
Project("{FAE04EC0-301F-11D3-BF4B-00C04F79EFBC}") = "RockPaperScissorsInjection.Blazor", "RockPaperScissorsInjection.Blazor\RockPaperScissorsInjection.Blazor.csproj", "{853DE721-5A4C-428A-9736-E412F95019A2}"
EndProject
Project("{FAE04EC0-301F-11D3-BF4B-00C04F79EFBC}") = "RockPaperScissorsInjection.Common", "RockPaperScissorsInjection.Common\RockPaperScissorsInjection.Common.csproj", "{6E7EADF8-DF71-4C25-91EA-23D26DC968A9}"
EndProject
Global
	GlobalSection(SolutionConfigurationPlatforms) = preSolution
		Debug|Any CPU = Debug|Any CPU
		Release|Any CPU = Release|Any CPU
	EndGlobalSection
	GlobalSection(ProjectConfigurationPlatforms) = postSolution
		{8E000125-A161-4D4E-AD57-3A120A1AAB7F}.Debug|Any CPU.ActiveCfg = Debug|Any CPU
		{8E000125-A161-4D4E-AD57-3A120A1AAB7F}.Debug|Any CPU.Build.0 = Debug|Any CPU
		{8E000125-A161-4D4E-AD57-3A120A1AAB7F}.Release|Any CPU.ActiveCfg = Release|Any CPU
		{8E000125-A161-4D4E-AD57-3A120A1AAB7F}.Release|Any CPU.Build.0 = Release|Any CPU
		{853DE721-5A4C-428A-9736-E412F95019A2}.Debug|Any CPU.ActiveCfg = Debug|Any CPU
		{853DE721-5A4C-428A-9736-E412F95019A2}.Debug|Any CPU.Build.0 = Debug|Any CPU
		{853DE721-5A4C-428A-9736-E412F95019A2}.Release|Any CPU.ActiveCfg = Release|Any CPU
		{853DE721-5A4C-428A-9736-E412F95019A2}.Release|Any CPU.Build.0 = Release|Any CPU
		{6E7EADF8-DF71-4C25-91EA-23D26DC968A9}.Debug|Any CPU.ActiveCfg = Debug|Any CPU
		{6E7EADF8-DF71-4C25-91EA-23D26DC968A9}.Debug|Any CPU.Build.0 = Debug|Any CPU
		{6E7EADF8-DF71-4C25-91EA-23D26DC968A9}.Release|Any CPU.ActiveCfg = Release|Any CPU
		{6E7EADF8-DF71-4C25-91EA-23D26DC968A9}.Release|Any CPU.Build.0 = Release|Any CPU
	EndGlobalSection
	GlobalSection(SolutionProperties) = preSolution
		HideSolutionNode = FALSE
	EndGlobalSection
	GlobalSection(ExtensibilityGlobals) = postSolution
		SolutionGuid = {B4E97583-B563-456E-B5D9-6974291F5EF8}
	EndGlobalSection
EndGlobal
